
Microsoft Visual Studio Solution File, Format Version 12.00
# Visual Studio Version 17
VisualStudioVersion = 17.7.34024.191
MinimumVisualStudioVersion = 10.0.40219.1
Project("{FAE04EC0-301F-11D3-BF4B-00C04F79EFBC}") = "Lab2Employees", "Lab2Employees\Lab2Employees.csproj", "{16E71CE5-2E15-4CCF-8B4D-5217C8D694FD}"
EndProject
Global
	GlobalSection(SolutionConfigurationPlatforms) = preSolution
		Debug|Any CPU = Debug|Any CPU
		Release|Any CPU = Release|Any CPU
	EndGlobalSection
	GlobalSection(ProjectConfigurationPlatforms) = postSolution
		{16E71CE5-2E15-4CCF-8B4D-5217C8D694FD}.Debug|Any CPU.ActiveCfg = Debug|Any CPU
		{16E71CE5-2E15-4CCF-8B4D-5217C8D694FD}.Debug|Any CPU.Build.0 = Debug|Any CPU
		{16E71CE5-2E15-4CCF-8B4D-5217C8D694FD}.Release|Any CPU.ActiveCfg = Release|Any CPU
		{16E71CE5-2E15-4CCF-8B4D-5217C8D694FD}.Release|Any CPU.Build.0 = Release|Any CPU
	EndGlobalSection
	GlobalSection(SolutionProperties) = preSolution
		HideSolutionNode = FALSE
	EndGlobalSection
	GlobalSection(ExtensibilityGlobals) = postSolution
		SolutionGuid = {289A0FEC-E140-4193-8E45-6788E7101E24}
	EndGlobalSection
EndGlobal
